
Microsoft Visual Studio Solution File, Format Version 12.00
# Visual Studio 14
VisualStudioVersion = 14.0.23107.0
MinimumVisualStudioVersion = 10.0.40219.1
Project("{2150E333-8FDC-42A3-9474-1A3956D46DE8}") = "build", "build", "{91F39E88-36DC-41BA-9B0A-27B7818F76C2}"
	ProjectSection(SolutionItems) = preProject
		..\lib\copy.bat = ..\lib\copy.bat
		..\NuGet\ServiceStack.Aws\servicestack.aws.nuspec = ..\NuGet\ServiceStack.Aws\servicestack.aws.nuspec
		..\build\start-local-dynamodb.bat = ..\build\start-local-dynamodb.bat
	EndProjectSection
EndProject
Project("{2150E333-8FDC-42A3-9474-1A3956D46DE8}") = ".nuget", ".nuget", "{E66F5020-BF69-4710-A043-038CFCD6CD8D}"
	ProjectSection(SolutionItems) = preProject
		.nuget\NuGet.Config = .nuget\NuGet.Config
		.nuget\NuGet.exe = .nuget\NuGet.exe
		.nuget\NuGet.targets = .nuget\NuGet.targets
	EndProjectSection
EndProject
Project("{FAE04EC0-301F-11D3-BF4B-00C04F79EFBC}") = "ServiceStack.Aws", "ServiceStack.Aws\ServiceStack.Aws.csproj", "{EC090B85-E208-4B4E-AE19-BBFEF51E4560}"
EndProject
Project("{2150E333-8FDC-42A3-9474-1A3956D46DE8}") = "Solution Items", "Solution Items", "{746C3D50-5342-401D-A2AC-D85EF488411B}"
EndProject
Project("{FAE04EC0-301F-11D3-BF4B-00C04F79EFBC}") = "ServiceStack.Aws.Tests", "..\tests\ServiceStack.Aws.Tests\ServiceStack.Aws.Tests.csproj", "{C4842353-FB4B-4ECE-80EF-1247BBF5AE2B}"
EndProject
Project("{FAE04EC0-301F-11D3-BF4B-00C04F79EFBC}") = "ServiceStack.Aws.DynamoDbTests", "..\tests\ServiceStack.Aws.DynamoDbTests\ServiceStack.Aws.DynamoDbTests.csproj", "{24709E60-D226-4A9C-9561-F3844DCD05E9}"
EndProject
Global
	GlobalSection(SolutionConfigurationPlatforms) = preSolution
		Debug|Any CPU = Debug|Any CPU
		Release|Any CPU = Release|Any CPU
	EndGlobalSection
	GlobalSection(ProjectConfigurationPlatforms) = postSolution
		{EC090B85-E208-4B4E-AE19-BBFEF51E4560}.Debug|Any CPU.ActiveCfg = Debug|Any CPU
		{EC090B85-E208-4B4E-AE19-BBFEF51E4560}.Debug|Any CPU.Build.0 = Debug|Any CPU
		{EC090B85-E208-4B4E-AE19-BBFEF51E4560}.Release|Any CPU.ActiveCfg = Release|Any CPU
		{EC090B85-E208-4B4E-AE19-BBFEF51E4560}.Release|Any CPU.Build.0 = Release|Any CPU
		{C4842353-FB4B-4ECE-80EF-1247BBF5AE2B}.Debug|Any CPU.ActiveCfg = Debug|Any CPU
		{C4842353-FB4B-4ECE-80EF-1247BBF5AE2B}.Debug|Any CPU.Build.0 = Debug|Any CPU
		{C4842353-FB4B-4ECE-80EF-1247BBF5AE2B}.Release|Any CPU.ActiveCfg = Release|Any CPU
		{C4842353-FB4B-4ECE-80EF-1247BBF5AE2B}.Release|Any CPU.Build.0 = Release|Any CPU
		{24709E60-D226-4A9C-9561-F3844DCD05E9}.Debug|Any CPU.ActiveCfg = Debug|Any CPU
		{24709E60-D226-4A9C-9561-F3844DCD05E9}.Debug|Any CPU.Build.0 = Debug|Any CPU
		{24709E60-D226-4A9C-9561-F3844DCD05E9}.Release|Any CPU.ActiveCfg = Release|Any CPU
		{24709E60-D226-4A9C-9561-F3844DCD05E9}.Release|Any CPU.Build.0 = Release|Any CPU
	EndGlobalSection
	GlobalSection(SolutionProperties) = preSolution
		HideSolutionNode = FALSE
	EndGlobalSection
EndGlobal
