
Microsoft Visual Studio Solution File, Format Version 12.00
# Visual Studio 2012
Project("{FAE04EC0-301F-11D3-BF4B-00C04F79EFBC}") = "ServiceStack.Aws", "ServiceStack.Aws.csproj", "{EC090B85-E208-4B4E-AE19-BBFEF51E4560}"
EndProject
Project("{FAE04EC0-301F-11D3-BF4B-00C04F79EFBC}") = "ServiceStack.Aws.Tests", "..\..\tests\ServiceStack.Aws.Tests\ServiceStack.Aws.Tests.csproj", "{C4842353-FB4B-4ECE-80EF-1247BBF5AE2B}"
EndProject
Global
	GlobalSection(SolutionConfigurationPlatforms) = preSolution
		Debug|Any CPU = Debug|Any CPU
		Release|Any CPU = Release|Any CPU
	EndGlobalSection
	GlobalSection(ProjectConfigurationPlatforms) = postSolution
		{EC090B85-E208-4B4E-AE19-BBFEF51E4560}.Debug|Any CPU.ActiveCfg = Debug|Any CPU
		{EC090B85-E208-4B4E-AE19-BBFEF51E4560}.Debug|Any CPU.Build.0 = Debug|Any CPU
		{EC090B85-E208-4B4E-AE19-BBFEF51E4560}.Release|Any CPU.ActiveCfg = Release|Any CPU
		{EC090B85-E208-4B4E-AE19-BBFEF51E4560}.Release|Any CPU.Build.0 = Release|Any CPU
		{C4842353-FB4B-4ECE-80EF-1247BBF5AE2B}.Debug|Any CPU.ActiveCfg = Debug|Any CPU
		{C4842353-FB4B-4ECE-80EF-1247BBF5AE2B}.Debug|Any CPU.Build.0 = Debug|Any CPU
		{C4842353-FB4B-4ECE-80EF-1247BBF5AE2B}.Release|Any CPU.ActiveCfg = Release|Any CPU
		{C4842353-FB4B-4ECE-80EF-1247BBF5AE2B}.Release|Any CPU.Build.0 = Release|Any CPU
	EndGlobalSection
	GlobalSection(SolutionProperties) = preSolution
		HideSolutionNode = FALSE
	EndGlobalSection
EndGlobal
